
Microsoft Visual Studio Solution File, Format Version 12.00
# Visual Studio Version 16
VisualStudioVersion = 16.0.29001.49
MinimumVisualStudioVersion = 10.0.40219.1
Project("{888888A0-9F3D-457C-B088-3A5042F75D52}") = "LAB1_13072019", "LAB1_13072019\LAB1_13072019.pyproj", "{DFA080F9-9F85-4A73-A8D3-3B3AF853F4CA}"
EndProject
Global
	GlobalSection(SolutionConfigurationPlatforms) = preSolution
		Debug|Any CPU = Debug|Any CPU
		Release|Any CPU = Release|Any CPU
	EndGlobalSection
	GlobalSection(ProjectConfigurationPlatforms) = postSolution
		{DFA080F9-9F85-4A73-A8D3-3B3AF853F4CA}.Debug|Any CPU.ActiveCfg = Debug|Any CPU
		{DFA080F9-9F85-4A73-A8D3-3B3AF853F4CA}.Release|Any CPU.ActiveCfg = Release|Any CPU
	EndGlobalSection
	GlobalSection(SolutionProperties) = preSolution
		HideSolutionNode = FALSE
	EndGlobalSection
	GlobalSection(ExtensibilityGlobals) = postSolution
		SolutionGuid = {080C621E-DB4D-48C1-8322-608F09EF084D}
	EndGlobalSection
EndGlobal
